// !$*UTF8*$!
{
	archiveVersion = 1;
	classes = {
	};
	objectVersion = 46;
	objects = {

/* Begin PBXBuildFile section */
		7AFA5AFC1B549BC6006FF191 /* AppDelegate.swift in Sources */ = {isa = PBXBuildFile; fileRef = 7AFA5AFB1B549BC6006FF191 /* AppDelegate.swift */; };
		7AFA5AFF1B549BC6006FF191 /* TeamChallenge.xcdatamodeld in Sources */ = {isa = PBXBuildFile; fileRef = 7AFA5AFD1B549BC6006FF191 /* TeamChallenge.xcdatamodeld */; };
		7AFA5B011B549BC6006FF191 /* ViewController.swift in Sources */ = {isa = PBXBuildFile; fileRef = 7AFA5B001B549BC6006FF191 /* ViewController.swift */; };
		7AFA5B041B549BC6006FF191 /* Main.storyboard in Resources */ = {isa = PBXBuildFile; fileRef = 7AFA5B021B549BC6006FF191 /* Main.storyboard */; };
		7AFA5B061B549BC6006FF191 /* Images.xcassets in Resources */ = {isa = PBXBuildFile; fileRef = 7AFA5B051B549BC6006FF191 /* Images.xcassets */; };
		7AFA5B091B549BC6006FF191 /* LaunchScreen.xib in Resources */ = {isa = PBXBuildFile; fileRef = 7AFA5B071B549BC6006FF191 /* LaunchScreen.xib */; };
		7AFA5B151B549BC6006FF191 /* TeamChallengeTests.swift in Sources */ = {isa = PBXBuildFile; fileRef = 7AFA5B141B549BC6006FF191 /* TeamChallengeTests.swift */; };
/* End PBXBuildFile section */

/* Begin PBXContainerItemProxy section */
		7AFA5B0F1B549BC6006FF191 /* PBXContainerItemProxy */ = {
			isa = PBXContainerItemProxy;
			containerPortal = 7AFA5AEE1B549BC6006FF191 /* Project object */;
			proxyType = 1;
			remoteGlobalIDString = 7AFA5AF51B549BC6006FF191;
			remoteInfo = TeamChallenge;
		};
/* End PBXContainerItemProxy section */

/* Begin PBXFileReference section */
		7AFA5AF61B549BC6006FF191 /* TeamChallenge.app */ = {isa = PBXFileReference; explicitFileType = wrapper.application; includeInIndex = 0; path = TeamChallenge.app; sourceTree = BUILT_PRODUCTS_DIR; };
		7AFA5AFA1B549BC6006FF191 /* Info.plist */ = {isa = PBXFileReference; lastKnownFileType = text.plist.xml; path = Info.plist; sourceTree = "<group>"; };
		7AFA5AFB1B549BC6006FF191 /* AppDelegate.swift */ = {isa = PBXFileReference; lastKnownFileType = sourcecode.swift; path = AppDelegate.swift; sourceTree = "<group>"; };
		7AFA5AFE1B549BC6006FF191 /* TeamChallenge.xcdatamodel */ = {isa = PBXFileReference; lastKnownFileType = wrapper.xcdatamodel; path = TeamChallenge.xcdatamodel; sourceTree = "<group>"; };
		7AFA5B001B549BC6006FF191 /* ViewController.swift */ = {isa = PBXFileReference; lastKnownFileType = sourcecode.swift; path = ViewController.swift; sourceTree = "<group>"; };
		7AFA5B031B549BC6006FF191 /* Base */ = {isa = PBXFileReference; lastKnownFileType = file.storyboard; name = Base; path = Base.lproj/Main.storyboard; sourceTree = "<group>"; };
		7AFA5B051B549BC6006FF191 /* Images.xcassets */ = {isa = PBXFileReference; lastKnownFileType = folder.assetcatalog; path = Images.xcassets; sourceTree = "<group>"; };
		7AFA5B081B549BC6006FF191 /* Base */ = {isa = PBXFileReference; lastKnownFileType = file.xib; name = Base; path = Base.lproj/LaunchScreen.xib; sourceTree = "<group>"; };
		7AFA5B0E1B549BC6006FF191 /* TeamChallengeTests.xctest */ = {isa = PBXFileReference; explicitFileType = wrapper.cfbundle; includeInIndex = 0; path = TeamChallengeTests.xctest; sourceTree = BUILT_PRODUCTS_DIR; };
		7AFA5B131B549BC6006FF191 /* Info.plist */ = {isa = PBXFileReference; lastKnownFileType = text.plist.xml; path = Info.plist; sourceTree = "<group>"; };
		7AFA5B141B549BC6006FF191 /* TeamChallengeTests.swift */ = {isa = PBXFileReference; lastKnownFileType = sourcecode.swift; path = TeamChallengeTests.swift; sourceTree = "<group>"; };
/* End PBXFileReference section */

/* Begin PBXFrameworksBuildPhase section */
		7AFA5AF31B549BC6006FF191 /* Frameworks */ = {
			isa = PBXFrameworksBuildPhase;
			buildActionMask = 2147483647;
			files = (
			);
			runOnlyForDeploymentPostprocessing = 0;
		};
		7AFA5B0B1B549BC6006FF191 /* Frameworks */ = {
			isa = PBXFrameworksBuildPhase;
			buildActionMask = 2147483647;
			files = (
			);
			runOnlyForDeploymentPostprocessing = 0;
		};
/* End PBXFrameworksBuildPhase section */

/* Begin PBXGroup section */
		7AFA5AED1B549BC6006FF191 = {
			isa = PBXGroup;
			children = (
				7AFA5AF81B549BC6006FF191 /* TeamChallenge */,
				7AFA5B111B549BC6006FF191 /* TeamChallengeTests */,
				7AFA5AF71B549BC6006FF191 /* Products */,
			);
			sourceTree = "<group>";
		};
		7AFA5AF71B549BC6006FF191 /* Products */ = {
			isa = PBXGroup;
			children = (
				7AFA5AF61B549BC6006FF191 /* TeamChallenge.app */,
				7AFA5B0E1B549BC6006FF191 /* TeamChallengeTests.xctest */,
			);
			name = Products;
			sourceTree = "<group>";
		};
		7AFA5AF81B549BC6006FF191 /* TeamChallenge */ = {
			isa = PBXGroup;
			children = (
				7AFA5AFB1B549BC6006FF191 /* AppDelegate.swift */,
				7AFA5B001B549BC6006FF191 /* ViewController.swift */,
				7AFA5B021B549BC6006FF191 /* Main.storyboard */,
				7AFA5B051B549BC6006FF191 /* Images.xcassets */,
				7AFA5B071B549BC6006FF191 /* LaunchScreen.xib */,
				7AFA5AFD1B549BC6006FF191 /* TeamChallenge.xcdatamodeld */,
				7AFA5AF91B549BC6006FF191 /* Supporting Files */,
			);
			path = TeamChallenge;
			sourceTree = "<group>";
		};
		7AFA5AF91B549BC6006FF191 /* Supporting Files */ = {
			isa = PBXGroup;
			children = (
				7AFA5AFA1B549BC6006FF191 /* Info.plist */,
			);
			name = "Supporting Files";
			sourceTree = "<group>";
		};
		7AFA5B111B549BC6006FF191 /* TeamChallengeTests */ = {
			isa = PBXGroup;
			children = (
				7AFA5B141B549BC6006FF191 /* TeamChallengeTests.swift */,
				7AFA5B121B549BC6006FF191 /* Supporting Files */,
			);
			path = TeamChallengeTests;
			sourceTree = "<group>";
		};
		7AFA5B121B549BC6006FF191 /* Supporting Files */ = {
			isa = PBXGroup;
			children = (
				7AFA5B131B549BC6006FF191 /* Info.plist */,
			);
			name = "Supporting Files";
			sourceTree = "<group>";
		};
/* End PBXGroup section */

/* Begin PBXNativeTarget section */
		7AFA5AF51B549BC6006FF191 /* TeamChallenge */ = {
			isa = PBXNativeTarget;
			buildConfigurationList = 7AFA5B181B549BC6006FF191 /* Build configuration list for PBXNativeTarget "TeamChallenge" */;
			buildPhases = (
				7AFA5AF21B549BC6006FF191 /* Sources */,
				7AFA5AF31B549BC6006FF191 /* Frameworks */,
				7AFA5AF41B549BC6006FF191 /* Resources */,
			);
			buildRules = (
			);
			dependencies = (
			);
			name = TeamChallenge;
			productName = TeamChallenge;
			productReference = 7AFA5AF61B549BC6006FF191 /* TeamChallenge.app */;
			productType = "com.apple.product-type.application";
		};
		7AFA5B0D1B549BC6006FF191 /* TeamChallengeTests */ = {
			isa = PBXNativeTarget;
			buildConfigurationList = 7AFA5B1B1B549BC6006FF191 /* Build configuration list for PBXNativeTarget "TeamChallengeTests" */;
			buildPhases = (
				7AFA5B0A1B549BC6006FF191 /* Sources */,
				7AFA5B0B1B549BC6006FF191 /* Frameworks */,
				7AFA5B0C1B549BC6006FF191 /* Resources */,
			);
			buildRules = (
			);
			dependencies = (
				7AFA5B101B549BC6006FF191 /* PBXTargetDependency */,
			);
			name = TeamChallengeTests;
			productName = TeamChallengeTests;
			productReference = 7AFA5B0E1B549BC6006FF191 /* TeamChallengeTests.xctest */;
			productType = "com.apple.product-type.bundle.unit-test";
		};
/* End PBXNativeTarget section */

/* Begin PBXProject section */
		7AFA5AEE1B549BC6006FF191 /* Project object */ = {
			isa = PBXProject;
			attributes = {
				LastUpgradeCheck = 0630;
				ORGANIZATIONNAME = "Randall Cerdas Jackson";
				TargetAttributes = {
					7AFA5AF51B549BC6006FF191 = {
						CreatedOnToolsVersion = 6.3.2;
					};
					7AFA5B0D1B549BC6006FF191 = {
						CreatedOnToolsVersion = 6.3.2;
						TestTargetID = 7AFA5AF51B549BC6006FF191;
					};
				};
			};
			buildConfigurationList = 7AFA5AF11B549BC6006FF191 /* Build configuration list for PBXProject "TeamChallenge" */;
			compatibilityVersion = "Xcode 3.2";
			developmentRegion = English;
			hasScannedForEncodings = 0;
			knownRegions = (
				en,
				Base,
			);
			mainGroup = 7AFA5AED1B549BC6006FF191;
			productRefGroup = 7AFA5AF71B549BC6006FF191 /* Products */;
			projectDirPath = "";
			projectRoot = "";
			targets = (
				7AFA5AF51B549BC6006FF191 /* TeamChallenge */,
				7AFA5B0D1B549BC6006FF191 /* TeamChallengeTests */,
			);
		};
/* End PBXProject section */

/* Begin PBXResourcesBuildPhase section */
		7AFA5AF41B549BC6006FF191 /* Resources */ = {
			isa = PBXResourcesBuildPhase;
			buildActionMask = 2147483647;
			files = (
				7AFA5B041B549BC6006FF191 /* Main.storyboard in Resources */,
				7AFA5B091B549BC6006FF191 /* LaunchScreen.xib in Resources */,
				7AFA5B061B549BC6006FF191 /* Images.xcassets in Resources */,
			);
			runOnlyForDeploymentPostprocessing = 0;
		};
		7AFA5B0C1B549BC6006FF191 /* Resources */ = {
			isa = PBXResourcesBuildPhase;
			buildActionMask = 2147483647;
			files = (
			);
			runOnlyForDeploymentPostprocessing = 0;
		};
/* End PBXResourcesBuildPhase section */

/* Begin PBXSourcesBuildPhase section */
		7AFA5AF21B549BC6006FF191 /* Sources */ = {
			isa = PBXSourcesBuildPhase;
			buildActionMask = 2147483647;
			files = (
				7AFA5B011B549BC6006FF191 /* ViewController.swift in Sources */,
				7AFA5AFF1B549BC6006FF191 /* TeamChallenge.xcdatamodeld in Sources */,
				7AFA5AFC1B549BC6006FF191 /* AppDelegate.swift in Sources */,
			);
			runOnlyForDeploymentPostprocessing = 0;
		};
		7AFA5B0A1B549BC6006FF191 /* Sources */ = {
			isa = PBXSourcesBuildPhase;
			buildActionMask = 2147483647;
			files = (
				7AFA5B151B549BC6006FF191 /* TeamChallengeTests.swift in Sources */,
			);
			runOnlyForDeploymentPostprocessing = 0;
		};
/* End PBXSourcesBuildPhase section */

/* Begin PBXTargetDependency section */
		7AFA5B101B549BC6006FF191 /* PBXTargetDependency */ = {
			isa = PBXTargetDependency;
			target = 7AFA5AF51B549BC6006FF191 /* TeamChallenge */;
			targetProxy = 7AFA5B0F1B549BC6006FF191 /* PBXContainerItemProxy */;
		};
/* End PBXTargetDependency section */

/* Begin PBXVariantGroup section */
		7AFA5B021B549BC6006FF191 /* Main.storyboard */ = {
			isa = PBXVariantGroup;
			children = (
				7AFA5B031B549BC6006FF191 /* Base */,
			);
			name = Main.storyboard;
			sourceTree = "<group>";
		};
		7AFA5B071B549BC6006FF191 /* LaunchScreen.xib */ = {
			isa = PBXVariantGroup;
			children = (
				7AFA5B081B549BC6006FF191 /* Base */,
			);
			name = LaunchScreen.xib;
			sourceTree = "<group>";
		};
/* End PBXVariantGroup section */

/* Begin XCBuildConfiguration section */
		7AFA5B161B549BC6006FF191 /* Debug */ = {
			isa = XCBuildConfiguration;
			buildSettings = {
				ALWAYS_SEARCH_USER_PATHS = NO;
				CLANG_CXX_LANGUAGE_STANDARD = "gnu++0x";
				CLANG_CXX_LIBRARY = "libc++";
				CLANG_ENABLE_MODULES = YES;
				CLANG_ENABLE_OBJC_ARC = YES;
				CLANG_WARN_BOOL_CONVERSION = YES;
				CLANG_WARN_CONSTANT_CONVERSION = YES;
				CLANG_WARN_DIRECT_OBJC_ISA_USAGE = YES_ERROR;
				CLANG_WARN_EMPTY_BODY = YES;
				CLANG_WARN_ENUM_CONVERSION = YES;
				CLANG_WARN_INT_CONVERSION = YES;
				CLANG_WARN_OBJC_ROOT_CLASS = YES_ERROR;
				CLANG_WARN_UNREACHABLE_CODE = YES;
				CLANG_WARN__DUPLICATE_METHOD_MATCH = YES;
				"CODE_SIGN_IDENTITY[sdk=iphoneos*]" = "iPhone Developer";
				COPY_PHASE_STRIP = NO;
				DEBUG_INFORMATION_FORMAT = "dwarf-with-dsym";
				ENABLE_STRICT_OBJC_MSGSEND = YES;
				GCC_C_LANGUAGE_STANDARD = gnu99;
				GCC_DYNAMIC_NO_PIC = NO;
				GCC_NO_COMMON_BLOCKS = YES;
				GCC_OPTIMIZATION_LEVEL = 0;
				GCC_PREPROCESSOR_DEFINITIONS = (
					"DEBUG=1",
					"$(inherited)",
				);
				GCC_SYMBOLS_PRIVATE_EXTERN = NO;
				GCC_WARN_64_TO_32_BIT_CONVERSION = YES;
				GCC_WARN_ABOUT_RETURN_TYPE = YES_ERROR;
				GCC_WARN_UNDECLARED_SELECTOR = YES;
				GCC_WARN_UNINITIALIZED_AUTOS = YES_AGGRESSIVE;
				GCC_WARN_UNUSED_FUNCTION = YES;
				GCC_WARN_UNUSED_VARIABLE = YES;
				IPHONEOS_DEPLOYMENT_TARGET = 8.3;
				MTL_ENABLE_DEBUG_INFO = YES;
				ONLY_ACTIVE_ARCH = YES;
				SDKROOT = iphoneos;
				SWIFT_OPTIMIZATION_LEVEL = "-Onone";
			};
			name = Debug;
		};
		7AFA5B171B549BC6006FF191 /* Release */ = {
			isa = XCBuildConfiguration;
			buildSettings = {
				ALWAYS_SEARCH_USER_PATHS = NO;
				CLANG_CXX_LANGUAGE_STANDARD = "gnu++0x";
				CLANG_CXX_LIBRARY = "libc++";
				CLANG_ENABLE_MODULES = YES;
				CLANG_ENABLE_OBJC_ARC = YES;
				CLANG_WARN_BOOL_CONVERSION = YES;
				CLANG_WARN_CONSTANT_CONVERSION = YES;
				CLANG_WARN_DIRECT_OBJC_ISA_USAGE = YES_ERROR;
				CLANG_WARN_EMPTY_BODY = YES;
				CLANG_WARN_ENUM_CONVERSION = YES;
				CLANG_WARN_INT_CONVERSION = YES;
				CLANG_WARN_OBJC_ROOT_CLASS = YES_ERROR;
				CLANG_WARN_UNREACHABLE_CODE = YES;
				CLANG_WARN__DUPLICATE_METHOD_MATCH = YES;
				"CODE_SIGN_IDENTITY[sdk=iphoneos*]" = "iPhone Developer";
				COPY_PHASE_STRIP = NO;
				DEBUG_INFORMATION_FORMAT = "dwarf-with-dsym";
				ENABLE_NS_ASSERTIONS = NO;
				ENABLE_STRICT_OBJC_MSGSEND = YES;
				GCC_C_LANGUAGE_STANDARD = gnu99;
				GCC_NO_COMMON_BLOCKS = YES;
				GCC_WARN_64_TO_32_BIT_CONVERSION = YES;
				GCC_WARN_ABOUT_RETURN_TYPE = YES_ERROR;
				GCC_WARN_UNDECLARED_SELECTOR = YES;
				GCC_WARN_UNINITIALIZED_AUTOS = YES_AGGRESSIVE;
				GCC_WARN_UNUSED_FUNCTION = YES;
				GCC_WARN_UNUSED_VARIABLE = YES;
				IPHONEOS_DEPLOYMENT_TARGET = 8.3;
				MTL_ENABLE_DEBUG_INFO = NO;
				SDKROOT = iphoneos;
				VALIDATE_PRODUCT = YES;
			};
			name = Release;
		};
		7AFA5B191B549BC6006FF191 /* Debug */ = {
			isa = XCBuildConfiguration;
			buildSettings = {
				ASSETCATALOG_COMPILER_APPICON_NAME = AppIcon;
				INFOPLIST_FILE = TeamChallenge/Info.plist;
				LD_RUNPATH_SEARCH_PATHS = "$(inherited) @executable_path/Frameworks";
				PRODUCT_NAME = "$(TARGET_NAME)";
			};
			name = Debug;
		};
		7AFA5B1A1B549BC6006FF191 /* Release */ = {
			isa = XCBuildConfiguration;
			buildSettings = {
				ASSETCATALOG_COMPILER_APPICON_NAME = AppIcon;
				INFOPLIST_FILE = TeamChallenge/Info.plist;
				LD_RUNPATH_SEARCH_PATHS = "$(inherited) @executable_path/Frameworks";
				PRODUCT_NAME = "$(TARGET_NAME)";
			};
			name = Release;
		};
		7AFA5B1C1B549BC6006FF191 /* Debug */ = {
			isa = XCBuildConfiguration;
			buildSettings = {
				BUNDLE_LOADER = "$(TEST_HOST)";
				FRAMEWORK_SEARCH_PATHS = (
					"$(SDKROOT)/Developer/Library/Frameworks",
					"$(inherited)",
				);
				GCC_PREPROCESSOR_DEFINITIONS = (
					"DEBUG=1",
					"$(inherited)",
				);
				INFOPLIST_FILE = TeamChallengeTests/Info.plist;
				LD_RUNPATH_SEARCH_PATHS = "$(inherited) @executable_path/Frameworks @loader_path/Frameworks";
				PRODUCT_NAME = "$(TARGET_NAME)";
				TEST_HOST = "$(BUILT_PRODUCTS_DIR)/TeamChallenge.app/TeamChallenge";
			};
			name = Debug;
		};
		7AFA5B1D1B549BC6006FF191 /* Release */ = {
			isa = XCBuildConfiguration;
			buildSettings = {
				BUNDLE_LOADER = "$(TEST_HOST)";
				FRAMEWORK_SEARCH_PATHS = (
					"$(SDKROOT)/Developer/Library/Frameworks",
					"$(inherited)",
				);
				INFOPLIST_FILE = TeamChallengeTests/Info.plist;
				LD_RUNPATH_SEARCH_PATHS = "$(inherited) @executable_path/Frameworks @loader_path/Frameworks";
				PRODUCT_NAME = "$(TARGET_NAME)";
				TEST_HOST = "$(BUILT_PRODUCTS_DIR)/TeamChallenge.app/TeamChallenge";
			};
			name = Release;
		};
/* End XCBuildConfiguration section */

/* Begin XCConfigurationList section */
		7AFA5AF11B549BC6006FF191 /* Build configuration list for PBXProject "TeamChallenge" */ = {
			isa = XCConfigurationList;
			buildConfigurations = (
				7AFA5B161B549BC6006FF191 /* Debug */,
				7AFA5B171B549BC6006FF191 /* Release */,
			);
			defaultConfigurationIsVisible = 0;
			defaultConfigurationName = Release;
		};
		7AFA5B181B549BC6006FF191 /* Build configuration list for PBXNativeTarget "TeamChallenge" */ = {
			isa = XCConfigurationList;
			buildConfigurations = (
				7AFA5B191B549BC6006FF191 /* Debug */,
				7AFA5B1A1B549BC6006FF191 /* Release */,
			);
			defaultConfigurationIsVisible = 0;
		};
		7AFA5B1B1B549BC6006FF191 /* Build configuration list for PBXNativeTarget "TeamChallengeTests" */ = {
			isa = XCConfigurationList;
			buildConfigurations = (
				7AFA5B1C1B549BC6006FF191 /* Debug */,
				7AFA5B1D1B549BC6006FF191 /* Release */,
			);
			defaultConfigurationIsVisible = 0;
		};
/* End XCConfigurationList section */

/* Begin XCVersionGroup section */
		7AFA5AFD1B549BC6006FF191 /* TeamChallenge.xcdatamodeld */ = {
			isa = XCVersionGroup;
			children = (
				7AFA5AFE1B549BC6006FF191 /* TeamChallenge.xcdatamodel */,
			);
			currentVersion = 7AFA5AFE1B549BC6006FF191 /* TeamChallenge.xcdatamodel */;
			path = TeamChallenge.xcdatamodeld;
			sourceTree = "<group>";
			versionGroupType = wrapper.xcdatamodel;
		};
/* End XCVersionGroup section */
	};
	rootObject = 7AFA5AEE1B549BC6006FF191 /* Project object */;
}
